
Microsoft Visual Studio Solution File, Format Version 12.00
# Visual Studio Version 17
VisualStudioVersion = 17.0.31919.166
MinimumVisualStudioVersion = 10.0.40219.1
Project("{FAE04EC0-301F-11D3-BF4B-00C04F79EFBC}") = "MarsRover", "MarsRover\MarsRover.csproj", "{D307351F-8A2E-48C8-A680-68DD06861A73}"
EndProject
Global
	GlobalSection(SolutionConfigurationPlatforms) = preSolution
		Debug|Any CPU = Debug|Any CPU
		Release|Any CPU = Release|Any CPU
	EndGlobalSection
	GlobalSection(ProjectConfigurationPlatforms) = postSolution
		{D307351F-8A2E-48C8-A680-68DD06861A73}.Debug|Any CPU.ActiveCfg = Debug|Any CPU
		{D307351F-8A2E-48C8-A680-68DD06861A73}.Debug|Any CPU.Build.0 = Debug|Any CPU
		{D307351F-8A2E-48C8-A680-68DD06861A73}.Release|Any CPU.ActiveCfg = Release|Any CPU
		{D307351F-8A2E-48C8-A680-68DD06861A73}.Release|Any CPU.Build.0 = Release|Any CPU
	EndGlobalSection
	GlobalSection(SolutionProperties) = preSolution
		HideSolutionNode = FALSE
	EndGlobalSection
	GlobalSection(ExtensibilityGlobals) = postSolution
		SolutionGuid = {AA39FAD6-4900-4155-88A0-594521219C8D}
	EndGlobalSection
EndGlobal
